
Microsoft Visual Studio Solution File, Format Version 12.00
# Visual Studio Version 17
VisualStudioVersion = 17.11.35327.3
MinimumVisualStudioVersion = 10.0.40219.1
Project("{FAE04EC0-301F-11D3-BF4B-00C04F79EFBC}") = "30. programación modular", "30. programación modular\30. programación modular.csproj", "{8C48CA61-9918-4DB0-969B-F7661C067B80}"
EndProject
Global
	GlobalSection(SolutionConfigurationPlatforms) = preSolution
		Debug|Any CPU = Debug|Any CPU
		Release|Any CPU = Release|Any CPU
	EndGlobalSection
	GlobalSection(ProjectConfigurationPlatforms) = postSolution
		{8C48CA61-9918-4DB0-969B-F7661C067B80}.Debug|Any CPU.ActiveCfg = Debug|Any CPU
		{8C48CA61-9918-4DB0-969B-F7661C067B80}.Debug|Any CPU.Build.0 = Debug|Any CPU
		{8C48CA61-9918-4DB0-969B-F7661C067B80}.Release|Any CPU.ActiveCfg = Release|Any CPU
		{8C48CA61-9918-4DB0-969B-F7661C067B80}.Release|Any CPU.Build.0 = Release|Any CPU
	EndGlobalSection
	GlobalSection(SolutionProperties) = preSolution
		HideSolutionNode = FALSE
	EndGlobalSection
	GlobalSection(ExtensibilityGlobals) = postSolution
		SolutionGuid = {D78E4655-E62A-477B-91DC-D391A816EF63}
	EndGlobalSection
EndGlobal
