
Microsoft Visual Studio Solution File, Format Version 12.00
# Visual Studio Version 17
VisualStudioVersion = 17.11.35327.3
MinimumVisualStudioVersion = 10.0.40219.1
Project("{FAE04EC0-301F-11D3-BF4B-00C04F79EFBC}") = "26.Matrices2", "26.Matrices2\26.Matrices2.csproj", "{D7130DA3-B281-4DCA-BC02-FA75C0AA4EB6}"
EndProject
Global
	GlobalSection(SolutionConfigurationPlatforms) = preSolution
		Debug|Any CPU = Debug|Any CPU
		Release|Any CPU = Release|Any CPU
	EndGlobalSection
	GlobalSection(ProjectConfigurationPlatforms) = postSolution
		{D7130DA3-B281-4DCA-BC02-FA75C0AA4EB6}.Debug|Any CPU.ActiveCfg = Debug|Any CPU
		{D7130DA3-B281-4DCA-BC02-FA75C0AA4EB6}.Debug|Any CPU.Build.0 = Debug|Any CPU
		{D7130DA3-B281-4DCA-BC02-FA75C0AA4EB6}.Release|Any CPU.ActiveCfg = Release|Any CPU
		{D7130DA3-B281-4DCA-BC02-FA75C0AA4EB6}.Release|Any CPU.Build.0 = Release|Any CPU
	EndGlobalSection
	GlobalSection(SolutionProperties) = preSolution
		HideSolutionNode = FALSE
	EndGlobalSection
	GlobalSection(ExtensibilityGlobals) = postSolution
		SolutionGuid = {E8BE30DE-45F8-4773-9F06-1606861C8B73}
	EndGlobalSection
EndGlobal
