
Microsoft Visual Studio Solution File, Format Version 12.00
# Visual Studio Version 17
VisualStudioVersion = 17.11.35327.3
MinimumVisualStudioVersion = 10.0.40219.1
Project("{FAE04EC0-301F-11D3-BF4B-00C04F79EFBC}") = "TallerMatrices", "TallerMatrices.csproj", "{B05B4504-72E4-4D40-A34A-8AA9F200DD04}"
EndProject
Global
	GlobalSection(SolutionConfigurationPlatforms) = preSolution
		Debug|Any CPU = Debug|Any CPU
		Release|Any CPU = Release|Any CPU
	EndGlobalSection
	GlobalSection(ProjectConfigurationPlatforms) = postSolution
		{B05B4504-72E4-4D40-A34A-8AA9F200DD04}.Debug|Any CPU.ActiveCfg = Debug|Any CPU
		{B05B4504-72E4-4D40-A34A-8AA9F200DD04}.Debug|Any CPU.Build.0 = Debug|Any CPU
		{B05B4504-72E4-4D40-A34A-8AA9F200DD04}.Release|Any CPU.ActiveCfg = Release|Any CPU
		{B05B4504-72E4-4D40-A34A-8AA9F200DD04}.Release|Any CPU.Build.0 = Release|Any CPU
	EndGlobalSection
	GlobalSection(SolutionProperties) = preSolution
		HideSolutionNode = FALSE
	EndGlobalSection
	GlobalSection(ExtensibilityGlobals) = postSolution
		SolutionGuid = {707C39BC-F33D-49B1-870E-E23CB31C201E}
	EndGlobalSection
EndGlobal
