
Microsoft Visual Studio Solution File, Format Version 12.00
# Visual Studio Version 17
VisualStudioVersion = 17.14.36119.2 d17.14
MinimumVisualStudioVersion = 10.0.40219.1
Project("{FAE04EC0-301F-11D3-BF4B-00C04F79EFBC}") = "TallerVectores", "TallerVectores\TallerVectores.csproj", "{D1843C70-AC1D-402F-8321-423F29BBB826}"
EndProject
Global
	GlobalSection(SolutionConfigurationPlatforms) = preSolution
		Debug|Any CPU = Debug|Any CPU
		Release|Any CPU = Release|Any CPU
	EndGlobalSection
	GlobalSection(ProjectConfigurationPlatforms) = postSolution
		{D1843C70-AC1D-402F-8321-423F29BBB826}.Debug|Any CPU.ActiveCfg = Debug|Any CPU
		{D1843C70-AC1D-402F-8321-423F29BBB826}.Debug|Any CPU.Build.0 = Debug|Any CPU
		{D1843C70-AC1D-402F-8321-423F29BBB826}.Release|Any CPU.ActiveCfg = Release|Any CPU
		{D1843C70-AC1D-402F-8321-423F29BBB826}.Release|Any CPU.Build.0 = Release|Any CPU
	EndGlobalSection
	GlobalSection(SolutionProperties) = preSolution
		HideSolutionNode = FALSE
	EndGlobalSection
	GlobalSection(ExtensibilityGlobals) = postSolution
		SolutionGuid = {757EB322-4815-4874-AC65-AFCE6F601F2D}
	EndGlobalSection
EndGlobal
